// !$*UTF8*$!
{
	archiveVersion = 1;
	classes = {
	};
	objectVersion = 46;
	objects = {

/* Begin PBXBuildFile section */
		F4D206AA1DC3DA9300F07BA7 /* AppDelegate.swift in Sources */ = {isa = PBXBuildFile; fileRef = F4D206A91DC3DA9300F07BA7 /* AppDelegate.swift */; };
		F4D206AC1DC3DA9300F07BA7 /* ViewController.swift in Sources */ = {isa = PBXBuildFile; fileRef = F4D206AB1DC3DA9300F07BA7 /* ViewController.swift */; };
		F4D206AF1DC3DA9300F07BA7 /* Main.storyboard in Resources */ = {isa = PBXBuildFile; fileRef = F4D206AD1DC3DA9300F07BA7 /* Main.storyboard */; };
		F4D206B21DC3DA9300F07BA7 /* xkcdProject.xcdatamodeld in Sources */ = {isa = PBXBuildFile; fileRef = F4D206B01DC3DA9300F07BA7 /* xkcdProject.xcdatamodeld */; };
		F4D206B41DC3DA9300F07BA7 /* Assets.xcassets in Resources */ = {isa = PBXBuildFile; fileRef = F4D206B31DC3DA9300F07BA7 /* Assets.xcassets */; };
		F4D206B71DC3DA9300F07BA7 /* LaunchScreen.storyboard in Resources */ = {isa = PBXBuildFile; fileRef = F4D206B51DC3DA9300F07BA7 /* LaunchScreen.storyboard */; };
		F4D206C21DC3DA9300F07BA7 /* xkcdProjectTests.swift in Sources */ = {isa = PBXBuildFile; fileRef = F4D206C11DC3DA9300F07BA7 /* xkcdProjectTests.swift */; };
		F4D206CD1DC3DA9300F07BA7 /* xkcdProjectUITests.swift in Sources */ = {isa = PBXBuildFile; fileRef = F4D206CC1DC3DA9300F07BA7 /* xkcdProjectUITests.swift */; };
/* End PBXBuildFile section */

/* Begin PBXContainerItemProxy section */
		F4D206BE1DC3DA9300F07BA7 /* PBXContainerItemProxy */ = {
			isa = PBXContainerItemProxy;
			containerPortal = F4D2069E1DC3DA9200F07BA7 /* Project object */;
			proxyType = 1;
			remoteGlobalIDString = F4D206A51DC3DA9300F07BA7;
			remoteInfo = xkcdProject;
		};
		F4D206C91DC3DA9300F07BA7 /* PBXContainerItemProxy */ = {
			isa = PBXContainerItemProxy;
			containerPortal = F4D2069E1DC3DA9200F07BA7 /* Project object */;
			proxyType = 1;
			remoteGlobalIDString = F4D206A51DC3DA9300F07BA7;
			remoteInfo = xkcdProject;
		};
/* End PBXContainerItemProxy section */

/* Begin PBXFileReference section */
		F4D206A61DC3DA9300F07BA7 /* xkcdProject.app */ = {isa = PBXFileReference; explicitFileType = wrapper.application; includeInIndex = 0; path = xkcdProject.app; sourceTree = BUILT_PRODUCTS_DIR; };
		F4D206A91DC3DA9300F07BA7 /* AppDelegate.swift */ = {isa = PBXFileReference; lastKnownFileType = sourcecode.swift; path = AppDelegate.swift; sourceTree = "<group>"; };
		F4D206AB1DC3DA9300F07BA7 /* ViewController.swift */ = {isa = PBXFileReference; lastKnownFileType = sourcecode.swift; path = ViewController.swift; sourceTree = "<group>"; };
		F4D206AE1DC3DA9300F07BA7 /* Base */ = {isa = PBXFileReference; lastKnownFileType = file.storyboard; name = Base; path = Base.lproj/Main.storyboard; sourceTree = "<group>"; };
		F4D206B11DC3DA9300F07BA7 /* xkcdProject.xcdatamodel */ = {isa = PBXFileReference; lastKnownFileType = wrapper.xcdatamodel; path = xkcdProject.xcdatamodel; sourceTree = "<group>"; };
		F4D206B31DC3DA9300F07BA7 /* Assets.xcassets */ = {isa = PBXFileReference; lastKnownFileType = folder.assetcatalog; path = Assets.xcassets; sourceTree = "<group>"; };
		F4D206B61DC3DA9300F07BA7 /* Base */ = {isa = PBXFileReference; lastKnownFileType = file.storyboard; name = Base; path = Base.lproj/LaunchScreen.storyboard; sourceTree = "<group>"; };
		F4D206B81DC3DA9300F07BA7 /* Info.plist */ = {isa = PBXFileReference; lastKnownFileType = text.plist.xml; path = Info.plist; sourceTree = "<group>"; };
		F4D206BD1DC3DA9300F07BA7 /* xkcdProjectTests.xctest */ = {isa = PBXFileReference; explicitFileType = wrapper.cfbundle; includeInIndex = 0; path = xkcdProjectTests.xctest; sourceTree = BUILT_PRODUCTS_DIR; };
		F4D206C11DC3DA9300F07BA7 /* xkcdProjectTests.swift */ = {isa = PBXFileReference; lastKnownFileType = sourcecode.swift; path = xkcdProjectTests.swift; sourceTree = "<group>"; };
		F4D206C31DC3DA9300F07BA7 /* Info.plist */ = {isa = PBXFileReference; lastKnownFileType = text.plist.xml; path = Info.plist; sourceTree = "<group>"; };
		F4D206C81DC3DA9300F07BA7 /* xkcdProjectUITests.xctest */ = {isa = PBXFileReference; explicitFileType = wrapper.cfbundle; includeInIndex = 0; path = xkcdProjectUITests.xctest; sourceTree = BUILT_PRODUCTS_DIR; };
		F4D206CC1DC3DA9300F07BA7 /* xkcdProjectUITests.swift */ = {isa = PBXFileReference; lastKnownFileType = sourcecode.swift; path = xkcdProjectUITests.swift; sourceTree = "<group>"; };
		F4D206CE1DC3DA9300F07BA7 /* Info.plist */ = {isa = PBXFileReference; lastKnownFileType = text.plist.xml; path = Info.plist; sourceTree = "<group>"; };
/* End PBXFileReference section */

/* Begin PBXFrameworksBuildPhase section */
		F4D206A31DC3DA9300F07BA7 /* Frameworks */ = {
			isa = PBXFrameworksBuildPhase;
			buildActionMask = 2147483647;
			files = (
			);
			runOnlyForDeploymentPostprocessing = 0;
		};
		F4D206BA1DC3DA9300F07BA7 /* Frameworks */ = {
			isa = PBXFrameworksBuildPhase;
			buildActionMask = 2147483647;
			files = (
			);
			runOnlyForDeploymentPostprocessing = 0;
		};
		F4D206C51DC3DA9300F07BA7 /* Frameworks */ = {
			isa = PBXFrameworksBuildPhase;
			buildActionMask = 2147483647;
			files = (
			);
			runOnlyForDeploymentPostprocessing = 0;
		};
/* End PBXFrameworksBuildPhase section */

/* Begin PBXGroup section */
		F4D2069D1DC3DA9200F07BA7 = {
			isa = PBXGroup;
			children = (
				F4D206A81DC3DA9300F07BA7 /* xkcdProject */,
				F4D206C01DC3DA9300F07BA7 /* xkcdProjectTests */,
				F4D206CB1DC3DA9300F07BA7 /* xkcdProjectUITests */,
				F4D206A71DC3DA9300F07BA7 /* Products */,
			);
			sourceTree = "<group>";
		};
		F4D206A71DC3DA9300F07BA7 /* Products */ = {
			isa = PBXGroup;
			children = (
				F4D206A61DC3DA9300F07BA7 /* xkcdProject.app */,
				F4D206BD1DC3DA9300F07BA7 /* xkcdProjectTests.xctest */,
				F4D206C81DC3DA9300F07BA7 /* xkcdProjectUITests.xctest */,
			);
			name = Products;
			sourceTree = "<group>";
		};
		F4D206A81DC3DA9300F07BA7 /* xkcdProject */ = {
			isa = PBXGroup;
			children = (
				F4D206A91DC3DA9300F07BA7 /* AppDelegate.swift */,
				F4D206AB1DC3DA9300F07BA7 /* ViewController.swift */,
				F4D206AD1DC3DA9300F07BA7 /* Main.storyboard */,
				F4D206B31DC3DA9300F07BA7 /* Assets.xcassets */,
				F4D206B51DC3DA9300F07BA7 /* LaunchScreen.storyboard */,
				F4D206B81DC3DA9300F07BA7 /* Info.plist */,
				F4D206B01DC3DA9300F07BA7 /* xkcdProject.xcdatamodeld */,
			);
			path = xkcdProject;
			sourceTree = "<group>";
		};
		F4D206C01DC3DA9300F07BA7 /* xkcdProjectTests */ = {
			isa = PBXGroup;
			children = (
				F4D206C11DC3DA9300F07BA7 /* xkcdProjectTests.swift */,
				F4D206C31DC3DA9300F07BA7 /* Info.plist */,
			);
			path = xkcdProjectTests;
			sourceTree = "<group>";
		};
		F4D206CB1DC3DA9300F07BA7 /* xkcdProjectUITests */ = {
			isa = PBXGroup;
			children = (
				F4D206CC1DC3DA9300F07BA7 /* xkcdProjectUITests.swift */,
				F4D206CE1DC3DA9300F07BA7 /* Info.plist */,
			);
			path = xkcdProjectUITests;
			sourceTree = "<group>";
		};
/* End PBXGroup section */

/* Begin PBXNativeTarget section */
		F4D206A51DC3DA9300F07BA7 /* xkcdProject */ = {
			isa = PBXNativeTarget;
			buildConfigurationList = F4D206D11DC3DA9300F07BA7 /* Build configuration list for PBXNativeTarget "xkcdProject" */;
			buildPhases = (
				F4D206A21DC3DA9300F07BA7 /* Sources */,
				F4D206A31DC3DA9300F07BA7 /* Frameworks */,
				F4D206A41DC3DA9300F07BA7 /* Resources */,
			);
			buildRules = (
			);
			dependencies = (
			);
			name = xkcdProject;
			productName = xkcdProject;
			productReference = F4D206A61DC3DA9300F07BA7 /* xkcdProject.app */;
			productType = "com.apple.product-type.application";
		};
		F4D206BC1DC3DA9300F07BA7 /* xkcdProjectTests */ = {
			isa = PBXNativeTarget;
			buildConfigurationList = F4D206D41DC3DA9300F07BA7 /* Build configuration list for PBXNativeTarget "xkcdProjectTests" */;
			buildPhases = (
				F4D206B91DC3DA9300F07BA7 /* Sources */,
				F4D206BA1DC3DA9300F07BA7 /* Frameworks */,
				F4D206BB1DC3DA9300F07BA7 /* Resources */,
			);
			buildRules = (
			);
			dependencies = (
				F4D206BF1DC3DA9300F07BA7 /* PBXTargetDependency */,
			);
			name = xkcdProjectTests;
			productName = xkcdProjectTests;
			productReference = F4D206BD1DC3DA9300F07BA7 /* xkcdProjectTests.xctest */;
			productType = "com.apple.product-type.bundle.unit-test";
		};
		F4D206C71DC3DA9300F07BA7 /* xkcdProjectUITests */ = {
			isa = PBXNativeTarget;
			buildConfigurationList = F4D206D71DC3DA9300F07BA7 /* Build configuration list for PBXNativeTarget "xkcdProjectUITests" */;
			buildPhases = (
				F4D206C41DC3DA9300F07BA7 /* Sources */,
				F4D206C51DC3DA9300F07BA7 /* Frameworks */,
				F4D206C61DC3DA9300F07BA7 /* Resources */,
			);
			buildRules = (
			);
			dependencies = (
				F4D206CA1DC3DA9300F07BA7 /* PBXTargetDependency */,
			);
			name = xkcdProjectUITests;
			productName = xkcdProjectUITests;
			productReference = F4D206C81DC3DA9300F07BA7 /* xkcdProjectUITests.xctest */;
			productType = "com.apple.product-type.bundle.ui-testing";
		};
/* End PBXNativeTarget section */

/* Begin PBXProject section */
		F4D2069E1DC3DA9200F07BA7 /* Project object */ = {
			isa = PBXProject;
			attributes = {
				LastSwiftUpdateCheck = 0800;
				LastUpgradeCheck = 0800;
				ORGANIZATIONNAME = b3k3r;
				TargetAttributes = {
					F4D206A51DC3DA9300F07BA7 = {
						CreatedOnToolsVersion = 8.0;
						ProvisioningStyle = Automatic;
					};
					F4D206BC1DC3DA9300F07BA7 = {
						CreatedOnToolsVersion = 8.0;
						ProvisioningStyle = Automatic;
						TestTargetID = F4D206A51DC3DA9300F07BA7;
					};
					F4D206C71DC3DA9300F07BA7 = {
						CreatedOnToolsVersion = 8.0;
						ProvisioningStyle = Automatic;
						TestTargetID = F4D206A51DC3DA9300F07BA7;
					};
				};
			};
			buildConfigurationList = F4D206A11DC3DA9300F07BA7 /* Build configuration list for PBXProject "xkcdProject" */;
			compatibilityVersion = "Xcode 3.2";
			developmentRegion = English;
			hasScannedForEncodings = 0;
			knownRegions = (
				en,
				Base,
			);
			mainGroup = F4D2069D1DC3DA9200F07BA7;
			productRefGroup = F4D206A71DC3DA9300F07BA7 /* Products */;
			projectDirPath = "";
			projectRoot = "";
			targets = (
				F4D206A51DC3DA9300F07BA7 /* xkcdProject */,
				F4D206BC1DC3DA9300F07BA7 /* xkcdProjectTests */,
				F4D206C71DC3DA9300F07BA7 /* xkcdProjectUITests */,
			);
		};
/* End PBXProject section */

/* Begin PBXResourcesBuildPhase section */
		F4D206A41DC3DA9300F07BA7 /* Resources */ = {
			isa = PBXResourcesBuildPhase;
			buildActionMask = 2147483647;
			files = (
				F4D206B71DC3DA9300F07BA7 /* LaunchScreen.storyboard in Resources */,
				F4D206B41DC3DA9300F07BA7 /* Assets.xcassets in Resources */,
				F4D206AF1DC3DA9300F07BA7 /* Main.storyboard in Resources */,
			);
			runOnlyForDeploymentPostprocessing = 0;
		};
		F4D206BB1DC3DA9300F07BA7 /* Resources */ = {
			isa = PBXResourcesBuildPhase;
			buildActionMask = 2147483647;
			files = (
			);
			runOnlyForDeploymentPostprocessing = 0;
		};
		F4D206C61DC3DA9300F07BA7 /* Resources */ = {
			isa = PBXResourcesBuildPhase;
			buildActionMask = 2147483647;
			files = (
			);
			runOnlyForDeploymentPostprocessing = 0;
		};
/* End PBXResourcesBuildPhase section */

/* Begin PBXSourcesBuildPhase section */
		F4D206A21DC3DA9300F07BA7 /* Sources */ = {
			isa = PBXSourcesBuildPhase;
			buildActionMask = 2147483647;
			files = (
				F4D206B21DC3DA9300F07BA7 /* xkcdProject.xcdatamodeld in Sources */,
				F4D206AC1DC3DA9300F07BA7 /* ViewController.swift in Sources */,
				F4D206AA1DC3DA9300F07BA7 /* AppDelegate.swift in Sources */,
			);
			runOnlyForDeploymentPostprocessing = 0;
		};
		F4D206B91DC3DA9300F07BA7 /* Sources */ = {
			isa = PBXSourcesBuildPhase;
			buildActionMask = 2147483647;
			files = (
				F4D206C21DC3DA9300F07BA7 /* xkcdProjectTests.swift in Sources */,
			);
			runOnlyForDeploymentPostprocessing = 0;
		};
		F4D206C41DC3DA9300F07BA7 /* Sources */ = {
			isa = PBXSourcesBuildPhase;
			buildActionMask = 2147483647;
			files = (
				F4D206CD1DC3DA9300F07BA7 /* xkcdProjectUITests.swift in Sources */,
			);
			runOnlyForDeploymentPostprocessing = 0;
		};
/* End PBXSourcesBuildPhase section */

/* Begin PBXTargetDependency section */
		F4D206BF1DC3DA9300F07BA7 /* PBXTargetDependency */ = {
			isa = PBXTargetDependency;
			target = F4D206A51DC3DA9300F07BA7 /* xkcdProject */;
			targetProxy = F4D206BE1DC3DA9300F07BA7 /* PBXContainerItemProxy */;
		};
		F4D206CA1DC3DA9300F07BA7 /* PBXTargetDependency */ = {
			isa = PBXTargetDependency;
			target = F4D206A51DC3DA9300F07BA7 /* xkcdProject */;
			targetProxy = F4D206C91DC3DA9300F07BA7 /* PBXContainerItemProxy */;
		};
/* End PBXTargetDependency section */

/* Begin PBXVariantGroup section */
		F4D206AD1DC3DA9300F07BA7 /* Main.storyboard */ = {
			isa = PBXVariantGroup;
			children = (
				F4D206AE1DC3DA9300F07BA7 /* Base */,
			);
			name = Main.storyboard;
			sourceTree = "<group>";
		};
		F4D206B51DC3DA9300F07BA7 /* LaunchScreen.storyboard */ = {
			isa = PBXVariantGroup;
			children = (
				F4D206B61DC3DA9300F07BA7 /* Base */,
			);
			name = LaunchScreen.storyboard;
			sourceTree = "<group>";
		};
/* End PBXVariantGroup section */

/* Begin XCBuildConfiguration section */
		F4D206CF1DC3DA9300F07BA7 /* Debug */ = {
			isa = XCBuildConfiguration;
			buildSettings = {
				ALWAYS_SEARCH_USER_PATHS = NO;
				CLANG_ANALYZER_NONNULL = YES;
				CLANG_CXX_LANGUAGE_STANDARD = "gnu++0x";
				CLANG_CXX_LIBRARY = "libc++";
				CLANG_ENABLE_MODULES = YES;
				CLANG_ENABLE_OBJC_ARC = YES;
				CLANG_WARN_BOOL_CONVERSION = YES;
				CLANG_WARN_CONSTANT_CONVERSION = YES;
				CLANG_WARN_DIRECT_OBJC_ISA_USAGE = YES_ERROR;
				CLANG_WARN_DOCUMENTATION_COMMENTS = YES;
				CLANG_WARN_EMPTY_BODY = YES;
				CLANG_WARN_ENUM_CONVERSION = YES;
				CLANG_WARN_INFINITE_RECURSION = YES;
				CLANG_WARN_INT_CONVERSION = YES;
				CLANG_WARN_OBJC_ROOT_CLASS = YES_ERROR;
				CLANG_WARN_SUSPICIOUS_MOVES = YES;
				CLANG_WARN_UNREACHABLE_CODE = YES;
				CLANG_WARN__DUPLICATE_METHOD_MATCH = YES;
				"CODE_SIGN_IDENTITY[sdk=iphoneos*]" = "iPhone Developer";
				COPY_PHASE_STRIP = NO;
				DEBUG_INFORMATION_FORMAT = dwarf;
				ENABLE_STRICT_OBJC_MSGSEND = YES;
				ENABLE_TESTABILITY = YES;
				GCC_C_LANGUAGE_STANDARD = gnu99;
				GCC_DYNAMIC_NO_PIC = NO;
				GCC_NO_COMMON_BLOCKS = YES;
				GCC_OPTIMIZATION_LEVEL = 0;
				GCC_PREPROCESSOR_DEFINITIONS = (
					"DEBUG=1",
					"$(inherited)",
				);
				GCC_WARN_64_TO_32_BIT_CONVERSION = YES;
				GCC_WARN_ABOUT_RETURN_TYPE = YES_ERROR;
				GCC_WARN_UNDECLARED_SELECTOR = YES;
				GCC_WARN_UNINITIALIZED_AUTOS = YES_AGGRESSIVE;
				GCC_WARN_UNUSED_FUNCTION = YES;
				GCC_WARN_UNUSED_VARIABLE = YES;
				IPHONEOS_DEPLOYMENT_TARGET = 10.0;
				MTL_ENABLE_DEBUG_INFO = YES;
				ONLY_ACTIVE_ARCH = YES;
				SDKROOT = iphoneos;
				SWIFT_ACTIVE_COMPILATION_CONDITIONS = DEBUG;
				SWIFT_OPTIMIZATION_LEVEL = "-Onone";
			};
			name = Debug;
		};
		F4D206D01DC3DA9300F07BA7 /* Release */ = {
			isa = XCBuildConfiguration;
			buildSettings = {
				ALWAYS_SEARCH_USER_PATHS = NO;
				CLANG_ANALYZER_NONNULL = YES;
				CLANG_CXX_LANGUAGE_STANDARD = "gnu++0x";
				CLANG_CXX_LIBRARY = "libc++";
				CLANG_ENABLE_MODULES = YES;
				CLANG_ENABLE_OBJC_ARC = YES;
				CLANG_WARN_BOOL_CONVERSION = YES;
				CLANG_WARN_CONSTANT_CONVERSION = YES;
				CLANG_WARN_DIRECT_OBJC_ISA_USAGE = YES_ERROR;
				CLANG_WARN_DOCUMENTATION_COMMENTS = YES;
				CLANG_WARN_EMPTY_BODY = YES;
				CLANG_WARN_ENUM_CONVERSION = YES;
				CLANG_WARN_INFINITE_RECURSION = YES;
				CLANG_WARN_INT_CONVERSION = YES;
				CLANG_WARN_OBJC_ROOT_CLASS = YES_ERROR;
				CLANG_WARN_SUSPICIOUS_MOVES = YES;
				CLANG_WARN_UNREACHABLE_CODE = YES;
				CLANG_WARN__DUPLICATE_METHOD_MATCH = YES;
				"CODE_SIGN_IDENTITY[sdk=iphoneos*]" = "iPhone Developer";
				COPY_PHASE_STRIP = NO;
				DEBUG_INFORMATION_FORMAT = "dwarf-with-dsym";
				ENABLE_NS_ASSERTIONS = NO;
				ENABLE_STRICT_OBJC_MSGSEND = YES;
				GCC_C_LANGUAGE_STANDARD = gnu99;
				GCC_NO_COMMON_BLOCKS = YES;
				GCC_WARN_64_TO_32_BIT_CONVERSION = YES;
				GCC_WARN_ABOUT_RETURN_TYPE = YES_ERROR;
				GCC_WARN_UNDECLARED_SELECTOR = YES;
				GCC_WARN_UNINITIALIZED_AUTOS = YES_AGGRESSIVE;
				GCC_WARN_UNUSED_FUNCTION = YES;
				GCC_WARN_UNUSED_VARIABLE = YES;
				IPHONEOS_DEPLOYMENT_TARGET = 10.0;
				MTL_ENABLE_DEBUG_INFO = NO;
				SDKROOT = iphoneos;
				SWIFT_OPTIMIZATION_LEVEL = "-Owholemodule";
				VALIDATE_PRODUCT = YES;
			};
			name = Release;
		};
		F4D206D21DC3DA9300F07BA7 /* Debug */ = {
			isa = XCBuildConfiguration;
			buildSettings = {
				ASSETCATALOG_COMPILER_APPICON_NAME = AppIcon;
				INFOPLIST_FILE = xkcdProject/Info.plist;
				LD_RUNPATH_SEARCH_PATHS = "$(inherited) @executable_path/Frameworks";
				PRODUCT_BUNDLE_IDENTIFIER = Package.xkcdProject;
				PRODUCT_NAME = "$(TARGET_NAME)";
				SWIFT_VERSION = 3.0;
			};
			name = Debug;
		};
		F4D206D31DC3DA9300F07BA7 /* Release */ = {
			isa = XCBuildConfiguration;
			buildSettings = {
				ASSETCATALOG_COMPILER_APPICON_NAME = AppIcon;
				INFOPLIST_FILE = xkcdProject/Info.plist;
				LD_RUNPATH_SEARCH_PATHS = "$(inherited) @executable_path/Frameworks";
				PRODUCT_BUNDLE_IDENTIFIER = Package.xkcdProject;
				PRODUCT_NAME = "$(TARGET_NAME)";
				SWIFT_VERSION = 3.0;
			};
			name = Release;
		};
		F4D206D51DC3DA9300F07BA7 /* Debug */ = {
			isa = XCBuildConfiguration;
			buildSettings = {
				ALWAYS_EMBED_SWIFT_STANDARD_LIBRARIES = YES;
				BUNDLE_LOADER = "$(TEST_HOST)";
				INFOPLIST_FILE = xkcdProjectTests/Info.plist;
				LD_RUNPATH_SEARCH_PATHS = "$(inherited) @executable_path/Frameworks @loader_path/Frameworks";
				PRODUCT_BUNDLE_IDENTIFIER = Package.xkcdProjectTests;
				PRODUCT_NAME = "$(TARGET_NAME)";
				SWIFT_VERSION = 3.0;
				TEST_HOST = "$(BUILT_PRODUCTS_DIR)/xkcdProject.app/xkcdProject";
			};
			name = Debug;
		};
		F4D206D61DC3DA9300F07BA7 /* Release */ = {
			isa = XCBuildConfiguration;
			buildSettings = {
				ALWAYS_EMBED_SWIFT_STANDARD_LIBRARIES = YES;
				BUNDLE_LOADER = "$(TEST_HOST)";
				INFOPLIST_FILE = xkcdProjectTests/Info.plist;
				LD_RUNPATH_SEARCH_PATHS = "$(inherited) @executable_path/Frameworks @loader_path/Frameworks";
				PRODUCT_BUNDLE_IDENTIFIER = Package.xkcdProjectTests;
				PRODUCT_NAME = "$(TARGET_NAME)";
				SWIFT_VERSION = 3.0;
				TEST_HOST = "$(BUILT_PRODUCTS_DIR)/xkcdProject.app/xkcdProject";
			};
			name = Release;
		};
		F4D206D81DC3DA9300F07BA7 /* Debug */ = {
			isa = XCBuildConfiguration;
			buildSettings = {
				ALWAYS_EMBED_SWIFT_STANDARD_LIBRARIES = YES;
				INFOPLIST_FILE = xkcdProjectUITests/Info.plist;
				LD_RUNPATH_SEARCH_PATHS = "$(inherited) @executable_path/Frameworks @loader_path/Frameworks";
				PRODUCT_BUNDLE_IDENTIFIER = Package.xkcdProjectUITests;
				PRODUCT_NAME = "$(TARGET_NAME)";
				SWIFT_VERSION = 3.0;
				TEST_TARGET_NAME = xkcdProject;
			};
			name = Debug;
		};
		F4D206D91DC3DA9300F07BA7 /* Release */ = {
			isa = XCBuildConfiguration;
			buildSettings = {
				ALWAYS_EMBED_SWIFT_STANDARD_LIBRARIES = YES;
				INFOPLIST_FILE = xkcdProjectUITests/Info.plist;
				LD_RUNPATH_SEARCH_PATHS = "$(inherited) @executable_path/Frameworks @loader_path/Frameworks";
				PRODUCT_BUNDLE_IDENTIFIER = Package.xkcdProjectUITests;
				PRODUCT_NAME = "$(TARGET_NAME)";
				SWIFT_VERSION = 3.0;
				TEST_TARGET_NAME = xkcdProject;
			};
			name = Release;
		};
/* End XCBuildConfiguration section */

/* Begin XCConfigurationList section */
		F4D206A11DC3DA9300F07BA7 /* Build configuration list for PBXProject "xkcdProject" */ = {
			isa = XCConfigurationList;
			buildConfigurations = (
				F4D206CF1DC3DA9300F07BA7 /* Debug */,
				F4D206D01DC3DA9300F07BA7 /* Release */,
			);
			defaultConfigurationIsVisible = 0;
			defaultConfigurationName = Release;
		};
		F4D206D11DC3DA9300F07BA7 /* Build configuration list for PBXNativeTarget "xkcdProject" */ = {
			isa = XCConfigurationList;
			buildConfigurations = (
				F4D206D21DC3DA9300F07BA7 /* Debug */,
				F4D206D31DC3DA9300F07BA7 /* Release */,
			);
			defaultConfigurationIsVisible = 0;
		};
		F4D206D41DC3DA9300F07BA7 /* Build configuration list for PBXNativeTarget "xkcdProjectTests" */ = {
			isa = XCConfigurationList;
			buildConfigurations = (
				F4D206D51DC3DA9300F07BA7 /* Debug */,
				F4D206D61DC3DA9300F07BA7 /* Release */,
			);
			defaultConfigurationIsVisible = 0;
		};
		F4D206D71DC3DA9300F07BA7 /* Build configuration list for PBXNativeTarget "xkcdProjectUITests" */ = {
			isa = XCConfigurationList;
			buildConfigurations = (
				F4D206D81DC3DA9300F07BA7 /* Debug */,
				F4D206D91DC3DA9300F07BA7 /* Release */,
			);
			defaultConfigurationIsVisible = 0;
		};
/* End XCConfigurationList section */

/* Begin XCVersionGroup section */
		F4D206B01DC3DA9300F07BA7 /* xkcdProject.xcdatamodeld */ = {
			isa = XCVersionGroup;
			children = (
				F4D206B11DC3DA9300F07BA7 /* xkcdProject.xcdatamodel */,
			);
			currentVersion = F4D206B11DC3DA9300F07BA7 /* xkcdProject.xcdatamodel */;
			path = xkcdProject.xcdatamodeld;
			sourceTree = "<group>";
			versionGroupType = wrapper.xcdatamodel;
		};
/* End XCVersionGroup section */
	};
	rootObject = F4D2069E1DC3DA9200F07BA7 /* Project object */;
}
